// !$*UTF8*$!
{
	archiveVersion = 1;
	classes = {
	};
	objectVersion = 46;
	objects = {

/* Begin PBXBuildFile section */
		7FCB4E001DC42F61001DFFDF /* AppDelegate.swift in Sources */ = {isa = PBXBuildFile; fileRef = 7FCB4DFF1DC42F61001DFFDF /* AppDelegate.swift */; };
		7FCB4E021DC42F61001DFFDF /* ViewController.swift in Sources */ = {isa = PBXBuildFile; fileRef = 7FCB4E011DC42F61001DFFDF /* ViewController.swift */; };
		7FCB4E051DC42F61001DFFDF /* Main.storyboard in Resources */ = {isa = PBXBuildFile; fileRef = 7FCB4E031DC42F61001DFFDF /* Main.storyboard */; };
		7FCB4E071DC42F61001DFFDF /* Assets.xcassets in Resources */ = {isa = PBXBuildFile; fileRef = 7FCB4E061DC42F61001DFFDF /* Assets.xcassets */; };
		7FCB4E0A1DC42F61001DFFDF /* LaunchScreen.storyboard in Resources */ = {isa = PBXBuildFile; fileRef = 7FCB4E081DC42F61001DFFDF /* LaunchScreen.storyboard */; };
		7FCB4E151DC42F61001DFFDF /* ImageBannerTests.swift in Sources */ = {isa = PBXBuildFile; fileRef = 7FCB4E141DC42F61001DFFDF /* ImageBannerTests.swift */; };
		7FCB4E201DC42F61001DFFDF /* ImageBannerUITests.swift in Sources */ = {isa = PBXBuildFile; fileRef = 7FCB4E1F1DC42F61001DFFDF /* ImageBannerUITests.swift */; };
		7FCB4E2E1DC42F81001DFFDF /* ImageBanner.swift in Sources */ = {isa = PBXBuildFile; fileRef = 7FCB4E2D1DC42F81001DFFDF /* ImageBanner.swift */; };
		7FCB4E501DC43FC4001DFFDF /* LICENSE in Resources */ = {isa = PBXBuildFile; fileRef = 7FCB4E301DC43FC4001DFFDF /* LICENSE */; };
		7FCB4E511DC43FC4001DFFDF /* README.md in Sources */ = {isa = PBXBuildFile; fileRef = 7FCB4E311DC43FC4001DFFDF /* README.md */; };
		7FCB4E521DC43FC4001DFFDF /* NSData+ImageContentType.m in Sources */ = {isa = PBXBuildFile; fileRef = 7FCB4E341DC43FC4001DFFDF /* NSData+ImageContentType.m */; };
		7FCB4E531DC43FC4001DFFDF /* SDImageCache.m in Sources */ = {isa = PBXBuildFile; fileRef = 7FCB4E361DC43FC4001DFFDF /* SDImageCache.m */; };
		7FCB4E541DC43FC4001DFFDF /* SDWebImageCompat.m in Sources */ = {isa = PBXBuildFile; fileRef = 7FCB4E381DC43FC4001DFFDF /* SDWebImageCompat.m */; };
		7FCB4E551DC43FC4001DFFDF /* SDWebImageDecoder.m in Sources */ = {isa = PBXBuildFile; fileRef = 7FCB4E3A1DC43FC4001DFFDF /* SDWebImageDecoder.m */; };
		7FCB4E561DC43FC4001DFFDF /* SDWebImageDownloader.m in Sources */ = {isa = PBXBuildFile; fileRef = 7FCB4E3C1DC43FC4001DFFDF /* SDWebImageDownloader.m */; };
		7FCB4E571DC43FC4001DFFDF /* SDWebImageDownloaderOperation.m in Sources */ = {isa = PBXBuildFile; fileRef = 7FCB4E3E1DC43FC4001DFFDF /* SDWebImageDownloaderOperation.m */; };
		7FCB4E581DC43FC4001DFFDF /* SDWebImageManager.m in Sources */ = {isa = PBXBuildFile; fileRef = 7FCB4E401DC43FC4001DFFDF /* SDWebImageManager.m */; };
		7FCB4E591DC43FC4001DFFDF /* SDWebImagePrefetcher.m in Sources */ = {isa = PBXBuildFile; fileRef = 7FCB4E431DC43FC4001DFFDF /* SDWebImagePrefetcher.m */; };
		7FCB4E5A1DC43FC4001DFFDF /* UIButton+WebCache.m in Sources */ = {isa = PBXBuildFile; fileRef = 7FCB4E451DC43FC4001DFFDF /* UIButton+WebCache.m */; };
		7FCB4E5B1DC43FC4001DFFDF /* UIImage+GIF.m in Sources */ = {isa = PBXBuildFile; fileRef = 7FCB4E471DC43FC4001DFFDF /* UIImage+GIF.m */; };
		7FCB4E5C1DC43FC4001DFFDF /* UIImage+MultiFormat.m in Sources */ = {isa = PBXBuildFile; fileRef = 7FCB4E491DC43FC4001DFFDF /* UIImage+MultiFormat.m */; };
		7FCB4E5D1DC43FC4001DFFDF /* UIImageView+HighlightedWebCache.m in Sources */ = {isa = PBXBuildFile; fileRef = 7FCB4E4B1DC43FC4001DFFDF /* UIImageView+HighlightedWebCache.m */; };
		7FCB4E5E1DC43FC4001DFFDF /* UIImageView+WebCache.m in Sources */ = {isa = PBXBuildFile; fileRef = 7FCB4E4D1DC43FC4001DFFDF /* UIImageView+WebCache.m */; };
		7FCB4E5F1DC43FC4001DFFDF /* UIView+WebCacheOperation.m in Sources */ = {isa = PBXBuildFile; fileRef = 7FCB4E4F1DC43FC4001DFFDF /* UIView+WebCacheOperation.m */; };
/* End PBXBuildFile section */

/* Begin PBXContainerItemProxy section */
		7FCB4E111DC42F61001DFFDF /* PBXContainerItemProxy */ = {
			isa = PBXContainerItemProxy;
			containerPortal = 7FCB4DF41DC42F61001DFFDF /* Project object */;
			proxyType = 1;
			remoteGlobalIDString = 7FCB4DFB1DC42F61001DFFDF;
			remoteInfo = ImageBanner;
		};
		7FCB4E1C1DC42F61001DFFDF /* PBXContainerItemProxy */ = {
			isa = PBXContainerItemProxy;
			containerPortal = 7FCB4DF41DC42F61001DFFDF /* Project object */;
			proxyType = 1;
			remoteGlobalIDString = 7FCB4DFB1DC42F61001DFFDF;
			remoteInfo = ImageBanner;
		};
/* End PBXContainerItemProxy section */

/* Begin PBXFileReference section */
		7FCB4DFC1DC42F61001DFFDF /* HSImageBanner.app */ = {isa = PBXFileReference; explicitFileType = wrapper.application; includeInIndex = 0; path = HSImageBanner.app; sourceTree = BUILT_PRODUCTS_DIR; };
		7FCB4DFF1DC42F61001DFFDF /* AppDelegate.swift */ = {isa = PBXFileReference; lastKnownFileType = sourcecode.swift; path = AppDelegate.swift; sourceTree = "<group>"; };
		7FCB4E011DC42F61001DFFDF /* ViewController.swift */ = {isa = PBXFileReference; lastKnownFileType = sourcecode.swift; path = ViewController.swift; sourceTree = "<group>"; };
		7FCB4E041DC42F61001DFFDF /* Base */ = {isa = PBXFileReference; lastKnownFileType = file.storyboard; name = Base; path = Base.lproj/Main.storyboard; sourceTree = "<group>"; };
		7FCB4E061DC42F61001DFFDF /* Assets.xcassets */ = {isa = PBXFileReference; lastKnownFileType = folder.assetcatalog; path = Assets.xcassets; sourceTree = "<group>"; };
		7FCB4E091DC42F61001DFFDF /* Base */ = {isa = PBXFileReference; lastKnownFileType = file.storyboard; name = Base; path = Base.lproj/LaunchScreen.storyboard; sourceTree = "<group>"; };
		7FCB4E0B1DC42F61001DFFDF /* Info.plist */ = {isa = PBXFileReference; lastKnownFileType = text.plist.xml; path = Info.plist; sourceTree = "<group>"; };
		7FCB4E101DC42F61001DFFDF /* HSImageBannerTests.xctest */ = {isa = PBXFileReference; explicitFileType = wrapper.cfbundle; includeInIndex = 0; path = HSImageBannerTests.xctest; sourceTree = BUILT_PRODUCTS_DIR; };
		7FCB4E141DC42F61001DFFDF /* ImageBannerTests.swift */ = {isa = PBXFileReference; lastKnownFileType = sourcecode.swift; path = ImageBannerTests.swift; sourceTree = "<group>"; };
		7FCB4E161DC42F61001DFFDF /* Info.plist */ = {isa = PBXFileReference; lastKnownFileType = text.plist.xml; path = Info.plist; sourceTree = "<group>"; };
		7FCB4E1B1DC42F61001DFFDF /* HSImageBannerUITests.xctest */ = {isa = PBXFileReference; explicitFileType = wrapper.cfbundle; includeInIndex = 0; path = HSImageBannerUITests.xctest; sourceTree = BUILT_PRODUCTS_DIR; };
		7FCB4E1F1DC42F61001DFFDF /* ImageBannerUITests.swift */ = {isa = PBXFileReference; lastKnownFileType = sourcecode.swift; path = ImageBannerUITests.swift; sourceTree = "<group>"; };
		7FCB4E211DC42F61001DFFDF /* Info.plist */ = {isa = PBXFileReference; lastKnownFileType = text.plist.xml; path = Info.plist; sourceTree = "<group>"; };
		7FCB4E2D1DC42F81001DFFDF /* ImageBanner.swift */ = {isa = PBXFileReference; fileEncoding = 4; lastKnownFileType = sourcecode.swift; path = ImageBanner.swift; sourceTree = "<group>"; };
		7FCB4E301DC43FC4001DFFDF /* LICENSE */ = {isa = PBXFileReference; fileEncoding = 4; lastKnownFileType = text; path = LICENSE; sourceTree = "<group>"; };
		7FCB4E311DC43FC4001DFFDF /* README.md */ = {isa = PBXFileReference; fileEncoding = 4; lastKnownFileType = net.daringfireball.markdown; path = README.md; sourceTree = "<group>"; };
		7FCB4E331DC43FC4001DFFDF /* NSData+ImageContentType.h */ = {isa = PBXFileReference; fileEncoding = 4; lastKnownFileType = sourcecode.c.h; path = "NSData+ImageContentType.h"; sourceTree = "<group>"; };
		7FCB4E341DC43FC4001DFFDF /* NSData+ImageContentType.m */ = {isa = PBXFileReference; fileEncoding = 4; lastKnownFileType = sourcecode.c.objc; path = "NSData+ImageContentType.m"; sourceTree = "<group>"; };
		7FCB4E351DC43FC4001DFFDF /* SDImageCache.h */ = {isa = PBXFileReference; fileEncoding = 4; lastKnownFileType = sourcecode.c.h; path = SDImageCache.h; sourceTree = "<group>"; };
		7FCB4E361DC43FC4001DFFDF /* SDImageCache.m */ = {isa = PBXFileReference; fileEncoding = 4; lastKnownFileType = sourcecode.c.objc; path = SDImageCache.m; sourceTree = "<group>"; };
		7FCB4E371DC43FC4001DFFDF /* SDWebImageCompat.h */ = {isa = PBXFileReference; fileEncoding = 4; lastKnownFileType = sourcecode.c.h; path = SDWebImageCompat.h; sourceTree = "<group>"; };
		7FCB4E381DC43FC4001DFFDF /* SDWebImageCompat.m */ = {isa = PBXFileReference; fileEncoding = 4; lastKnownFileType = sourcecode.c.objc; path = SDWebImageCompat.m; sourceTree = "<group>"; };
		7FCB4E391DC43FC4001DFFDF /* SDWebImageDecoder.h */ = {isa = PBXFileReference; fileEncoding = 4; lastKnownFileType = sourcecode.c.h; path = SDWebImageDecoder.h; sourceTree = "<group>"; };
		7FCB4E3A1DC43FC4001DFFDF /* SDWebImageDecoder.m */ = {isa = PBXFileReference; fileEncoding = 4; lastKnownFileType = sourcecode.c.objc; path = SDWebImageDecoder.m; sourceTree = "<group>"; };
		7FCB4E3B1DC43FC4001DFFDF /* SDWebImageDownloader.h */ = {isa = PBXFileReference; fileEncoding = 4; lastKnownFileType = sourcecode.c.h; path = SDWebImageDownloader.h; sourceTree = "<group>"; };
		7FCB4E3C1DC43FC4001DFFDF /* SDWebImageDownloader.m */ = {isa = PBXFileReference; fileEncoding = 4; lastKnownFileType = sourcecode.c.objc; path = SDWebImageDownloader.m; sourceTree = "<group>"; };
		7FCB4E3D1DC43FC4001DFFDF /* SDWebImageDownloaderOperation.h */ = {isa = PBXFileReference; fileEncoding = 4; lastKnownFileType = sourcecode.c.h; path = SDWebImageDownloaderOperation.h; sourceTree = "<group>"; };
		7FCB4E3E1DC43FC4001DFFDF /* SDWebImageDownloaderOperation.m */ = {isa = PBXFileReference; fileEncoding = 4; lastKnownFileType = sourcecode.c.objc; path = SDWebImageDownloaderOperation.m; sourceTree = "<group>"; };
		7FCB4E3F1DC43FC4001DFFDF /* SDWebImageManager.h */ = {isa = PBXFileReference; fileEncoding = 4; lastKnownFileType = sourcecode.c.h; path = SDWebImageManager.h; sourceTree = "<group>"; };
		7FCB4E401DC43FC4001DFFDF /* SDWebImageManager.m */ = {isa = PBXFileReference; fileEncoding = 4; lastKnownFileType = sourcecode.c.objc; path = SDWebImageManager.m; sourceTree = "<group>"; };
		7FCB4E411DC43FC4001DFFDF /* SDWebImageOperation.h */ = {isa = PBXFileReference; fileEncoding = 4; lastKnownFileType = sourcecode.c.h; path = SDWebImageOperation.h; sourceTree = "<group>"; };
		7FCB4E421DC43FC4001DFFDF /* SDWebImagePrefetcher.h */ = {isa = PBXFileReference; fileEncoding = 4; lastKnownFileType = sourcecode.c.h; path = SDWebImagePrefetcher.h; sourceTree = "<group>"; };
		7FCB4E431DC43FC4001DFFDF /* SDWebImagePrefetcher.m */ = {isa = PBXFileReference; fileEncoding = 4; lastKnownFileType = sourcecode.c.objc; path = SDWebImagePrefetcher.m; sourceTree = "<group>"; };
		7FCB4E441DC43FC4001DFFDF /* UIButton+WebCache.h */ = {isa = PBXFileReference; fileEncoding = 4; lastKnownFileType = sourcecode.c.h; path = "UIButton+WebCache.h"; sourceTree = "<group>"; };
		7FCB4E451DC43FC4001DFFDF /* UIButton+WebCache.m */ = {isa = PBXFileReference; fileEncoding = 4; lastKnownFileType = sourcecode.c.objc; path = "UIButton+WebCache.m"; sourceTree = "<group>"; };
		7FCB4E461DC43FC4001DFFDF /* UIImage+GIF.h */ = {isa = PBXFileReference; fileEncoding = 4; lastKnownFileType = sourcecode.c.h; path = "UIImage+GIF.h"; sourceTree = "<group>"; };
		7FCB4E471DC43FC4001DFFDF /* UIImage+GIF.m */ = {isa = PBXFileReference; fileEncoding = 4; lastKnownFileType = sourcecode.c.objc; path = "UIImage+GIF.m"; sourceTree = "<group>"; };
		7FCB4E481DC43FC4001DFFDF /* UIImage+MultiFormat.h */ = {isa = PBXFileReference; fileEncoding = 4; lastKnownFileType = sourcecode.c.h; path = "UIImage+MultiFormat.h"; sourceTree = "<group>"; };
		7FCB4E491DC43FC4001DFFDF /* UIImage+MultiFormat.m */ = {isa = PBXFileReference; fileEncoding = 4; lastKnownFileType = sourcecode.c.objc; path = "UIImage+MultiFormat.m"; sourceTree = "<group>"; };
		7FCB4E4A1DC43FC4001DFFDF /* UIImageView+HighlightedWebCache.h */ = {isa = PBXFileReference; fileEncoding = 4; lastKnownFileType = sourcecode.c.h; path = "UIImageView+HighlightedWebCache.h"; sourceTree = "<group>"; };
		7FCB4E4B1DC43FC4001DFFDF /* UIImageView+HighlightedWebCache.m */ = {isa = PBXFileReference; fileEncoding = 4; lastKnownFileType = sourcecode.c.objc; path = "UIImageView+HighlightedWebCache.m"; sourceTree = "<group>"; };
		7FCB4E4C1DC43FC4001DFFDF /* UIImageView+WebCache.h */ = {isa = PBXFileReference; fileEncoding = 4; lastKnownFileType = sourcecode.c.h; path = "UIImageView+WebCache.h"; sourceTree = "<group>"; };
		7FCB4E4D1DC43FC4001DFFDF /* UIImageView+WebCache.m */ = {isa = PBXFileReference; fileEncoding = 4; lastKnownFileType = sourcecode.c.objc; path = "UIImageView+WebCache.m"; sourceTree = "<group>"; };
		7FCB4E4E1DC43FC4001DFFDF /* UIView+WebCacheOperation.h */ = {isa = PBXFileReference; fileEncoding = 4; lastKnownFileType = sourcecode.c.h; path = "UIView+WebCacheOperation.h"; sourceTree = "<group>"; };
		7FCB4E4F1DC43FC4001DFFDF /* UIView+WebCacheOperation.m */ = {isa = PBXFileReference; fileEncoding = 4; lastKnownFileType = sourcecode.c.objc; path = "UIView+WebCacheOperation.m"; sourceTree = "<group>"; };
		7FCB4E601DC440F9001DFFDF /* Bridging-Header.h */ = {isa = PBXFileReference; lastKnownFileType = sourcecode.c.h; path = "Bridging-Header.h"; sourceTree = "<group>"; };
/* End PBXFileReference section */

/* Begin PBXFrameworksBuildPhase section */
		7FCB4DF91DC42F61001DFFDF /* Frameworks */ = {
			isa = PBXFrameworksBuildPhase;
			buildActionMask = 2147483647;
			files = (
			);
			runOnlyForDeploymentPostprocessing = 0;
		};
		7FCB4E0D1DC42F61001DFFDF /* Frameworks */ = {
			isa = PBXFrameworksBuildPhase;
			buildActionMask = 2147483647;
			files = (
			);
			runOnlyForDeploymentPostprocessing = 0;
		};
		7FCB4E181DC42F61001DFFDF /* Frameworks */ = {
			isa = PBXFrameworksBuildPhase;
			buildActionMask = 2147483647;
			files = (
			);
			runOnlyForDeploymentPostprocessing = 0;
		};
/* End PBXFrameworksBuildPhase section */

/* Begin PBXGroup section */
		7FCB4DF31DC42F61001DFFDF = {
			isa = PBXGroup;
			children = (
				7FCB4DFE1DC42F61001DFFDF /* ImageBanner */,
				7FCB4E131DC42F61001DFFDF /* ImageBannerTests */,
				7FCB4E1E1DC42F61001DFFDF /* ImageBannerUITests */,
				7FCB4DFD1DC42F61001DFFDF /* Products */,
			);
			sourceTree = "<group>";
		};
		7FCB4DFD1DC42F61001DFFDF /* Products */ = {
			isa = PBXGroup;
			children = (
				7FCB4DFC1DC42F61001DFFDF /* HSImageBanner.app */,
				7FCB4E101DC42F61001DFFDF /* HSImageBannerTests.xctest */,
				7FCB4E1B1DC42F61001DFFDF /* HSImageBannerUITests.xctest */,
			);
			name = Products;
			sourceTree = "<group>";
		};
		7FCB4DFE1DC42F61001DFFDF /* ImageBanner */ = {
			isa = PBXGroup;
			children = (
				7FCB4E2F1DC43FC4001DFFDF /* SDWebImage */,
				7FCB4DFF1DC42F61001DFFDF /* AppDelegate.swift */,
				7FCB4E011DC42F61001DFFDF /* ViewController.swift */,
				7FCB4E2D1DC42F81001DFFDF /* ImageBanner.swift */,
				7FCB4E031DC42F61001DFFDF /* Main.storyboard */,
				7FCB4E061DC42F61001DFFDF /* Assets.xcassets */,
				7FCB4E081DC42F61001DFFDF /* LaunchScreen.storyboard */,
				7FCB4E0B1DC42F61001DFFDF /* Info.plist */,
				7FCB4E601DC440F9001DFFDF /* Bridging-Header.h */,
			);
			path = ImageBanner;
			sourceTree = "<group>";
		};
		7FCB4E131DC42F61001DFFDF /* ImageBannerTests */ = {
			isa = PBXGroup;
			children = (
				7FCB4E141DC42F61001DFFDF /* ImageBannerTests.swift */,
				7FCB4E161DC42F61001DFFDF /* Info.plist */,
			);
			path = ImageBannerTests;
			sourceTree = "<group>";
		};
		7FCB4E1E1DC42F61001DFFDF /* ImageBannerUITests */ = {
			isa = PBXGroup;
			children = (
				7FCB4E1F1DC42F61001DFFDF /* ImageBannerUITests.swift */,
				7FCB4E211DC42F61001DFFDF /* Info.plist */,
			);
			path = ImageBannerUITests;
			sourceTree = "<group>";
		};
		7FCB4E2F1DC43FC4001DFFDF /* SDWebImage */ = {
			isa = PBXGroup;
			children = (
				7FCB4E301DC43FC4001DFFDF /* LICENSE */,
				7FCB4E311DC43FC4001DFFDF /* README.md */,
				7FCB4E321DC43FC4001DFFDF /* SDWebImage */,
			);
			path = SDWebImage;
			sourceTree = "<group>";
		};
		7FCB4E321DC43FC4001DFFDF /* SDWebImage */ = {
			isa = PBXGroup;
			children = (
				7FCB4E331DC43FC4001DFFDF /* NSData+ImageContentType.h */,
				7FCB4E341DC43FC4001DFFDF /* NSData+ImageContentType.m */,
				7FCB4E351DC43FC4001DFFDF /* SDImageCache.h */,
				7FCB4E361DC43FC4001DFFDF /* SDImageCache.m */,
				7FCB4E371DC43FC4001DFFDF /* SDWebImageCompat.h */,
				7FCB4E381DC43FC4001DFFDF /* SDWebImageCompat.m */,
				7FCB4E391DC43FC4001DFFDF /* SDWebImageDecoder.h */,
				7FCB4E3A1DC43FC4001DFFDF /* SDWebImageDecoder.m */,
				7FCB4E3B1DC43FC4001DFFDF /* SDWebImageDownloader.h */,
				7FCB4E3C1DC43FC4001DFFDF /* SDWebImageDownloader.m */,
				7FCB4E3D1DC43FC4001DFFDF /* SDWebImageDownloaderOperation.h */,
				7FCB4E3E1DC43FC4001DFFDF /* SDWebImageDownloaderOperation.m */,
				7FCB4E3F1DC43FC4001DFFDF /* SDWebImageManager.h */,
				7FCB4E401DC43FC4001DFFDF /* SDWebImageManager.m */,
				7FCB4E411DC43FC4001DFFDF /* SDWebImageOperation.h */,
				7FCB4E421DC43FC4001DFFDF /* SDWebImagePrefetcher.h */,
				7FCB4E431DC43FC4001DFFDF /* SDWebImagePrefetcher.m */,
				7FCB4E441DC43FC4001DFFDF /* UIButton+WebCache.h */,
				7FCB4E451DC43FC4001DFFDF /* UIButton+WebCache.m */,
				7FCB4E461DC43FC4001DFFDF /* UIImage+GIF.h */,
				7FCB4E471DC43FC4001DFFDF /* UIImage+GIF.m */,
				7FCB4E481DC43FC4001DFFDF /* UIImage+MultiFormat.h */,
				7FCB4E491DC43FC4001DFFDF /* UIImage+MultiFormat.m */,
				7FCB4E4A1DC43FC4001DFFDF /* UIImageView+HighlightedWebCache.h */,
				7FCB4E4B1DC43FC4001DFFDF /* UIImageView+HighlightedWebCache.m */,
				7FCB4E4C1DC43FC4001DFFDF /* UIImageView+WebCache.h */,
				7FCB4E4D1DC43FC4001DFFDF /* UIImageView+WebCache.m */,
				7FCB4E4E1DC43FC4001DFFDF /* UIView+WebCacheOperation.h */,
				7FCB4E4F1DC43FC4001DFFDF /* UIView+WebCacheOperation.m */,
			);
			path = SDWebImage;
			sourceTree = "<group>";
		};
/* End PBXGroup section */

/* Begin PBXNativeTarget section */
		7FCB4DFB1DC42F61001DFFDF /* HSImageBanner */ = {
			isa = PBXNativeTarget;
			buildConfigurationList = 7FCB4E241DC42F61001DFFDF /* Build configuration list for PBXNativeTarget "HSImageBanner" */;
			buildPhases = (
				7FCB4DF81DC42F61001DFFDF /* Sources */,
				7FCB4DF91DC42F61001DFFDF /* Frameworks */,
				7FCB4DFA1DC42F61001DFFDF /* Resources */,
			);
			buildRules = (
			);
			dependencies = (
			);
			name = HSImageBanner;
			productName = ImageBanner;
			productReference = 7FCB4DFC1DC42F61001DFFDF /* HSImageBanner.app */;
			productType = "com.apple.product-type.application";
		};
		7FCB4E0F1DC42F61001DFFDF /* HSImageBannerTests */ = {
			isa = PBXNativeTarget;
			buildConfigurationList = 7FCB4E271DC42F61001DFFDF /* Build configuration list for PBXNativeTarget "HSImageBannerTests" */;
			buildPhases = (
				7FCB4E0C1DC42F61001DFFDF /* Sources */,
				7FCB4E0D1DC42F61001DFFDF /* Frameworks */,
				7FCB4E0E1DC42F61001DFFDF /* Resources */,
			);
			buildRules = (
			);
			dependencies = (
				7FCB4E121DC42F61001DFFDF /* PBXTargetDependency */,
			);
			name = HSImageBannerTests;
			productName = ImageBannerTests;
			productReference = 7FCB4E101DC42F61001DFFDF /* HSImageBannerTests.xctest */;
			productType = "com.apple.product-type.bundle.unit-test";
		};
		7FCB4E1A1DC42F61001DFFDF /* HSImageBannerUITests */ = {
			isa = PBXNativeTarget;
			buildConfigurationList = 7FCB4E2A1DC42F61001DFFDF /* Build configuration list for PBXNativeTarget "HSImageBannerUITests" */;
			buildPhases = (
				7FCB4E171DC42F61001DFFDF /* Sources */,
				7FCB4E181DC42F61001DFFDF /* Frameworks */,
				7FCB4E191DC42F61001DFFDF /* Resources */,
			);
			buildRules = (
			);
			dependencies = (
				7FCB4E1D1DC42F61001DFFDF /* PBXTargetDependency */,
			);
			name = HSImageBannerUITests;
			productName = ImageBannerUITests;
			productReference = 7FCB4E1B1DC42F61001DFFDF /* HSImageBannerUITests.xctest */;
			productType = "com.apple.product-type.bundle.ui-testing";
		};
/* End PBXNativeTarget section */

/* Begin PBXProject section */
		7FCB4DF41DC42F61001DFFDF /* Project object */ = {
			isa = PBXProject;
			attributes = {
				LastSwiftUpdateCheck = 0800;
				LastUpgradeCheck = 0800;
				ORGANIZATIONNAME = yanmingxia;
				TargetAttributes = {
					7FCB4DFB1DC42F61001DFFDF = {
						CreatedOnToolsVersion = 8.0;
						ProvisioningStyle = Automatic;
					};
					7FCB4E0F1DC42F61001DFFDF = {
						CreatedOnToolsVersion = 8.0;
						ProvisioningStyle = Automatic;
						TestTargetID = 7FCB4DFB1DC42F61001DFFDF;
					};
					7FCB4E1A1DC42F61001DFFDF = {
						CreatedOnToolsVersion = 8.0;
						ProvisioningStyle = Automatic;
						TestTargetID = 7FCB4DFB1DC42F61001DFFDF;
					};
				};
			};
			buildConfigurationList = 7FCB4DF71DC42F61001DFFDF /* Build configuration list for PBXProject "HSImageBanner" */;
			compatibilityVersion = "Xcode 3.2";
			developmentRegion = English;
			hasScannedForEncodings = 0;
			knownRegions = (
				en,
				Base,
			);
			mainGroup = 7FCB4DF31DC42F61001DFFDF;
			productRefGroup = 7FCB4DFD1DC42F61001DFFDF /* Products */;
			projectDirPath = "";
			projectRoot = "";
			targets = (
				7FCB4DFB1DC42F61001DFFDF /* HSImageBanner */,
				7FCB4E0F1DC42F61001DFFDF /* HSImageBannerTests */,
				7FCB4E1A1DC42F61001DFFDF /* HSImageBannerUITests */,
			);
		};
/* End PBXProject section */

/* Begin PBXResourcesBuildPhase section */
		7FCB4DFA1DC42F61001DFFDF /* Resources */ = {
			isa = PBXResourcesBuildPhase;
			buildActionMask = 2147483647;
			files = (
				7FCB4E0A1DC42F61001DFFDF /* LaunchScreen.storyboard in Resources */,
				7FCB4E071DC42F61001DFFDF /* Assets.xcassets in Resources */,
				7FCB4E501DC43FC4001DFFDF /* LICENSE in Resources */,
				7FCB4E051DC42F61001DFFDF /* Main.storyboard in Resources */,
			);
			runOnlyForDeploymentPostprocessing = 0;
		};
		7FCB4E0E1DC42F61001DFFDF /* Resources */ = {
			isa = PBXResourcesBuildPhase;
			buildActionMask = 2147483647;
			files = (
			);
			runOnlyForDeploymentPostprocessing = 0;
		};
		7FCB4E191DC42F61001DFFDF /* Resources */ = {
			isa = PBXResourcesBuildPhase;
			buildActionMask = 2147483647;
			files = (
			);
			runOnlyForDeploymentPostprocessing = 0;
		};
/* End PBXResourcesBuildPhase section */

/* Begin PBXSourcesBuildPhase section */
		7FCB4DF81DC42F61001DFFDF /* Sources */ = {
			isa = PBXSourcesBuildPhase;
			buildActionMask = 2147483647;
			files = (
				7FCB4E521DC43FC4001DFFDF /* NSData+ImageContentType.m in Sources */,
				7FCB4E581DC43FC4001DFFDF /* SDWebImageManager.m in Sources */,
				7FCB4E5D1DC43FC4001DFFDF /* UIImageView+HighlightedWebCache.m in Sources */,
				7FCB4E561DC43FC4001DFFDF /* SDWebImageDownloader.m in Sources */,
				7FCB4E5E1DC43FC4001DFFDF /* UIImageView+WebCache.m in Sources */,
				7FCB4E531DC43FC4001DFFDF /* SDImageCache.m in Sources */,
				7FCB4E021DC42F61001DFFDF /* ViewController.swift in Sources */,
				7FCB4E001DC42F61001DFFDF /* AppDelegate.swift in Sources */,
				7FCB4E551DC43FC4001DFFDF /* SDWebImageDecoder.m in Sources */,
				7FCB4E5C1DC43FC4001DFFDF /* UIImage+MultiFormat.m in Sources */,
				7FCB4E571DC43FC4001DFFDF /* SDWebImageDownloaderOperation.m in Sources */,
				7FCB4E511DC43FC4001DFFDF /* README.md in Sources */,
				7FCB4E5A1DC43FC4001DFFDF /* UIButton+WebCache.m in Sources */,
				7FCB4E591DC43FC4001DFFDF /* SDWebImagePrefetcher.m in Sources */,
				7FCB4E541DC43FC4001DFFDF /* SDWebImageCompat.m in Sources */,
				7FCB4E5B1DC43FC4001DFFDF /* UIImage+GIF.m in Sources */,
				7FCB4E5F1DC43FC4001DFFDF /* UIView+WebCacheOperation.m in Sources */,
				7FCB4E2E1DC42F81001DFFDF /* ImageBanner.swift in Sources */,
			);
			runOnlyForDeploymentPostprocessing = 0;
		};
		7FCB4E0C1DC42F61001DFFDF /* Sources */ = {
			isa = PBXSourcesBuildPhase;
			buildActionMask = 2147483647;
			files = (
				7FCB4E151DC42F61001DFFDF /* ImageBannerTests.swift in Sources */,
			);
			runOnlyForDeploymentPostprocessing = 0;
		};
		7FCB4E171DC42F61001DFFDF /* Sources */ = {
			isa = PBXSourcesBuildPhase;
			buildActionMask = 2147483647;
			files = (
				7FCB4E201DC42F61001DFFDF /* ImageBannerUITests.swift in Sources */,
			);
			runOnlyForDeploymentPostprocessing = 0;
		};
/* End PBXSourcesBuildPhase section */

/* Begin PBXTargetDependency section */
		7FCB4E121DC42F61001DFFDF /* PBXTargetDependency */ = {
			isa = PBXTargetDependency;
			target = 7FCB4DFB1DC42F61001DFFDF /* HSImageBanner */;
			targetProxy = 7FCB4E111DC42F61001DFFDF /* PBXContainerItemProxy */;
		};
		7FCB4E1D1DC42F61001DFFDF /* PBXTargetDependency */ = {
			isa = PBXTargetDependency;
			target = 7FCB4DFB1DC42F61001DFFDF /* HSImageBanner */;
			targetProxy = 7FCB4E1C1DC42F61001DFFDF /* PBXContainerItemProxy */;
		};
/* End PBXTargetDependency section */

/* Begin PBXVariantGroup section */
		7FCB4E031DC42F61001DFFDF /* Main.storyboard */ = {
			isa = PBXVariantGroup;
			children = (
				7FCB4E041DC42F61001DFFDF /* Base */,
			);
			name = Main.storyboard;
			sourceTree = "<group>";
		};
		7FCB4E081DC42F61001DFFDF /* LaunchScreen.storyboard */ = {
			isa = PBXVariantGroup;
			children = (
				7FCB4E091DC42F61001DFFDF /* Base */,
			);
			name = LaunchScreen.storyboard;
			sourceTree = "<group>";
		};
/* End PBXVariantGroup section */

/* Begin XCBuildConfiguration section */
		7FCB4E221DC42F61001DFFDF /* Debug */ = {
			isa = XCBuildConfiguration;
			buildSettings = {
				ALWAYS_SEARCH_USER_PATHS = NO;
				CLANG_ANALYZER_NONNULL = YES;
				CLANG_CXX_LANGUAGE_STANDARD = "gnu++0x";
				CLANG_CXX_LIBRARY = "libc++";
				CLANG_ENABLE_MODULES = YES;
				CLANG_ENABLE_OBJC_ARC = YES;
				CLANG_WARN_BOOL_CONVERSION = YES;
				CLANG_WARN_CONSTANT_CONVERSION = YES;
				CLANG_WARN_DIRECT_OBJC_ISA_USAGE = YES_ERROR;
				CLANG_WARN_DOCUMENTATION_COMMENTS = YES;
				CLANG_WARN_EMPTY_BODY = YES;
				CLANG_WARN_ENUM_CONVERSION = YES;
				CLANG_WARN_INFINITE_RECURSION = YES;
				CLANG_WARN_INT_CONVERSION = YES;
				CLANG_WARN_OBJC_ROOT_CLASS = YES_ERROR;
				CLANG_WARN_SUSPICIOUS_MOVES = YES;
				CLANG_WARN_UNREACHABLE_CODE = YES;
				CLANG_WARN__DUPLICATE_METHOD_MATCH = YES;
				"CODE_SIGN_IDENTITY[sdk=iphoneos*]" = "iPhone Developer";
				COPY_PHASE_STRIP = NO;
				DEBUG_INFORMATION_FORMAT = dwarf;
				ENABLE_STRICT_OBJC_MSGSEND = YES;
				ENABLE_TESTABILITY = YES;
				GCC_C_LANGUAGE_STANDARD = gnu99;
				GCC_DYNAMIC_NO_PIC = NO;
				GCC_NO_COMMON_BLOCKS = YES;
				GCC_OPTIMIZATION_LEVEL = 0;
				GCC_PREPROCESSOR_DEFINITIONS = (
					"DEBUG=1",
					"$(inherited)",
				);
				GCC_WARN_64_TO_32_BIT_CONVERSION = YES;
				GCC_WARN_ABOUT_RETURN_TYPE = YES_ERROR;
				GCC_WARN_UNDECLARED_SELECTOR = YES;
				GCC_WARN_UNINITIALIZED_AUTOS = YES_AGGRESSIVE;
				GCC_WARN_UNUSED_FUNCTION = YES;
				GCC_WARN_UNUSED_VARIABLE = YES;
				IPHONEOS_DEPLOYMENT_TARGET = 10.0;
				MTL_ENABLE_DEBUG_INFO = YES;
				ONLY_ACTIVE_ARCH = YES;
				SDKROOT = iphoneos;
				SWIFT_ACTIVE_COMPILATION_CONDITIONS = DEBUG;
				SWIFT_OPTIMIZATION_LEVEL = "-Onone";
			};
			name = Debug;
		};
		7FCB4E231DC42F61001DFFDF /* Release */ = {
			isa = XCBuildConfiguration;
			buildSettings = {
				ALWAYS_SEARCH_USER_PATHS = NO;
				CLANG_ANALYZER_NONNULL = YES;
				CLANG_CXX_LANGUAGE_STANDARD = "gnu++0x";
				CLANG_CXX_LIBRARY = "libc++";
				CLANG_ENABLE_MODULES = YES;
				CLANG_ENABLE_OBJC_ARC = YES;
				CLANG_WARN_BOOL_CONVERSION = YES;
				CLANG_WARN_CONSTANT_CONVERSION = YES;
				CLANG_WARN_DIRECT_OBJC_ISA_USAGE = YES_ERROR;
				CLANG_WARN_DOCUMENTATION_COMMENTS = YES;
				CLANG_WARN_EMPTY_BODY = YES;
				CLANG_WARN_ENUM_CONVERSION = YES;
				CLANG_WARN_INFINITE_RECURSION = YES;
				CLANG_WARN_INT_CONVERSION = YES;
				CLANG_WARN_OBJC_ROOT_CLASS = YES_ERROR;
				CLANG_WARN_SUSPICIOUS_MOVES = YES;
				CLANG_WARN_UNREACHABLE_CODE = YES;
				CLANG_WARN__DUPLICATE_METHOD_MATCH = YES;
				"CODE_SIGN_IDENTITY[sdk=iphoneos*]" = "iPhone Developer";
				COPY_PHASE_STRIP = NO;
				DEBUG_INFORMATION_FORMAT = "dwarf-with-dsym";
				ENABLE_NS_ASSERTIONS = NO;
				ENABLE_STRICT_OBJC_MSGSEND = YES;
				GCC_C_LANGUAGE_STANDARD = gnu99;
				GCC_NO_COMMON_BLOCKS = YES;
				GCC_WARN_64_TO_32_BIT_CONVERSION = YES;
				GCC_WARN_ABOUT_RETURN_TYPE = YES_ERROR;
				GCC_WARN_UNDECLARED_SELECTOR = YES;
				GCC_WARN_UNINITIALIZED_AUTOS = YES_AGGRESSIVE;
				GCC_WARN_UNUSED_FUNCTION = YES;
				GCC_WARN_UNUSED_VARIABLE = YES;
				IPHONEOS_DEPLOYMENT_TARGET = 10.0;
				MTL_ENABLE_DEBUG_INFO = NO;
				SDKROOT = iphoneos;
				SWIFT_OPTIMIZATION_LEVEL = "-Owholemodule";
				VALIDATE_PRODUCT = YES;
			};
			name = Release;
		};
		7FCB4E251DC42F61001DFFDF /* Debug */ = {
			isa = XCBuildConfiguration;
			buildSettings = {
				ASSETCATALOG_COMPILER_APPICON_NAME = AppIcon;
				INFOPLIST_FILE = ImageBanner/Info.plist;
				LD_RUNPATH_SEARCH_PATHS = "$(inherited) @executable_path/Frameworks";
				PRODUCT_BUNDLE_IDENTIFIER = com.yanmingxia.ImageBanner;
				PRODUCT_NAME = "$(TARGET_NAME)";
				SWIFT_INSTALL_OBJC_HEADER = YES;
				SWIFT_OBJC_BRIDGING_HEADER = "$(SRCROOT)/ImageBanner/Bridging-Header.h";
				SWIFT_VERSION = 3.0;
			};
			name = Debug;
		};
		7FCB4E261DC42F61001DFFDF /* Release */ = {
			isa = XCBuildConfiguration;
			buildSettings = {
				ASSETCATALOG_COMPILER_APPICON_NAME = AppIcon;
				INFOPLIST_FILE = ImageBanner/Info.plist;
				LD_RUNPATH_SEARCH_PATHS = "$(inherited) @executable_path/Frameworks";
				PRODUCT_BUNDLE_IDENTIFIER = com.yanmingxia.ImageBanner;
				PRODUCT_NAME = "$(TARGET_NAME)";
				SWIFT_INSTALL_OBJC_HEADER = YES;
				SWIFT_OBJC_BRIDGING_HEADER = "$(SRCROOT)/ImageBanner/Bridging-Header.h";
				SWIFT_VERSION = 3.0;
			};
			name = Release;
		};
		7FCB4E281DC42F61001DFFDF /* Debug */ = {
			isa = XCBuildConfiguration;
			buildSettings = {
				ALWAYS_EMBED_SWIFT_STANDARD_LIBRARIES = YES;
				BUNDLE_LOADER = "$(TEST_HOST)";
				INFOPLIST_FILE = ImageBannerTests/Info.plist;
				LD_RUNPATH_SEARCH_PATHS = "$(inherited) @executable_path/Frameworks @loader_path/Frameworks";
				PRODUCT_BUNDLE_IDENTIFIER = com.yanmingxia.ImageBannerTests;
				PRODUCT_NAME = "$(TARGET_NAME)";
				SWIFT_VERSION = 3.0;
				TEST_HOST = "$(BUILT_PRODUCTS_DIR)/HSImageBanner.app/HSImageBanner";
			};
			name = Debug;
		};
		7FCB4E291DC42F61001DFFDF /* Release */ = {
			isa = XCBuildConfiguration;
			buildSettings = {
				ALWAYS_EMBED_SWIFT_STANDARD_LIBRARIES = YES;
				BUNDLE_LOADER = "$(TEST_HOST)";
				INFOPLIST_FILE = ImageBannerTests/Info.plist;
				LD_RUNPATH_SEARCH_PATHS = "$(inherited) @executable_path/Frameworks @loader_path/Frameworks";
				PRODUCT_BUNDLE_IDENTIFIER = com.yanmingxia.ImageBannerTests;
				PRODUCT_NAME = "$(TARGET_NAME)";
				SWIFT_VERSION = 3.0;
				TEST_HOST = "$(BUILT_PRODUCTS_DIR)/HSImageBanner.app/HSImageBanner";
			};
			name = Release;
		};
		7FCB4E2B1DC42F61001DFFDF /* Debug */ = {
			isa = XCBuildConfiguration;
			buildSettings = {
				ALWAYS_EMBED_SWIFT_STANDARD_LIBRARIES = YES;
				INFOPLIST_FILE = ImageBannerUITests/Info.plist;
				LD_RUNPATH_SEARCH_PATHS = "$(inherited) @executable_path/Frameworks @loader_path/Frameworks";
				PRODUCT_BUNDLE_IDENTIFIER = com.yanmingxia.ImageBannerUITests;
				PRODUCT_NAME = "$(TARGET_NAME)";
				SWIFT_VERSION = 3.0;
				TEST_TARGET_NAME = ImageBanner;
			};
			name = Debug;
		};
		7FCB4E2C1DC42F61001DFFDF /* Release */ = {
			isa = XCBuildConfiguration;
			buildSettings = {
				ALWAYS_EMBED_SWIFT_STANDARD_LIBRARIES = YES;
				INFOPLIST_FILE = ImageBannerUITests/Info.plist;
				LD_RUNPATH_SEARCH_PATHS = "$(inherited) @executable_path/Frameworks @loader_path/Frameworks";
				PRODUCT_BUNDLE_IDENTIFIER = com.yanmingxia.ImageBannerUITests;
				PRODUCT_NAME = "$(TARGET_NAME)";
				SWIFT_VERSION = 3.0;
				TEST_TARGET_NAME = ImageBanner;
			};
			name = Release;
		};
/* End XCBuildConfiguration section */

/* Begin XCConfigurationList section */
		7FCB4DF71DC42F61001DFFDF /* Build configuration list for PBXProject "HSImageBanner" */ = {
			isa = XCConfigurationList;
			buildConfigurations = (
				7FCB4E221DC42F61001DFFDF /* Debug */,
				7FCB4E231DC42F61001DFFDF /* Release */,
			);
			defaultConfigurationIsVisible = 0;
			defaultConfigurationName = Release;
		};
		7FCB4E241DC42F61001DFFDF /* Build configuration list for PBXNativeTarget "HSImageBanner" */ = {
			isa = XCConfigurationList;
			buildConfigurations = (
				7FCB4E251DC42F61001DFFDF /* Debug */,
				7FCB4E261DC42F61001DFFDF /* Release */,
			);
			defaultConfigurationIsVisible = 0;
			defaultConfigurationName = Release;
		};
		7FCB4E271DC42F61001DFFDF /* Build configuration list for PBXNativeTarget "HSImageBannerTests" */ = {
			isa = XCConfigurationList;
			buildConfigurations = (
				7FCB4E281DC42F61001DFFDF /* Debug */,
				7FCB4E291DC42F61001DFFDF /* Release */,
			);
			defaultConfigurationIsVisible = 0;
			defaultConfigurationName = Release;
		};
		7FCB4E2A1DC42F61001DFFDF /* Build configuration list for PBXNativeTarget "HSImageBannerUITests" */ = {
			isa = XCConfigurationList;
			buildConfigurations = (
				7FCB4E2B1DC42F61001DFFDF /* Debug */,
				7FCB4E2C1DC42F61001DFFDF /* Release */,
			);
			defaultConfigurationIsVisible = 0;
			defaultConfigurationName = Release;
		};
/* End XCConfigurationList section */
	};
	rootObject = 7FCB4DF41DC42F61001DFFDF /* Project object */;
}
